
Microsoft Visual Studio Solution File, Format Version 12.00
# Visual Studio Version 17
VisualStudioVersion = 17.7.34031.279
MinimumVisualStudioVersion = 10.0.40219.1
Project("{FAE04EC0-301F-11D3-BF4B-00C04F79EFBC}") = "VanaKrizan.Utulek.Web", "VanaKrizan.Utulek.Web\VanaKrizan.Utulek.Web.csproj", "{55BC6AE7-C069-4007-84D8-E831D41C2CC4}"
EndProject
Global
	GlobalSection(SolutionConfigurationPlatforms) = preSolution
		Debug|Any CPU = Debug|Any CPU
		Release|Any CPU = Release|Any CPU
	EndGlobalSection
	GlobalSection(ProjectConfigurationPlatforms) = postSolution
		{55BC6AE7-C069-4007-84D8-E831D41C2CC4}.Debug|Any CPU.ActiveCfg = Debug|Any CPU
		{55BC6AE7-C069-4007-84D8-E831D41C2CC4}.Debug|Any CPU.Build.0 = Debug|Any CPU
		{55BC6AE7-C069-4007-84D8-E831D41C2CC4}.Release|Any CPU.ActiveCfg = Release|Any CPU
		{55BC6AE7-C069-4007-84D8-E831D41C2CC4}.Release|Any CPU.Build.0 = Release|Any CPU
	EndGlobalSection
	GlobalSection(SolutionProperties) = preSolution
		HideSolutionNode = FALSE
	EndGlobalSection
	GlobalSection(ExtensibilityGlobals) = postSolution
		SolutionGuid = {416CF250-8A8C-4FED-B9A9-20028C6E67C0}
	EndGlobalSection
EndGlobal
